 28.3832  36.59733  2491.000 TABU
 29.7892  40.09814  2000.000 JOUF
 27.4351  41.69014  1500.000 HAIL
 26.3119  43.76483  1200.000 QASS
 24.4529  44.12665  1100.000 DAWA
 24.9256  46.72177  1000.000 RIYA
 26.4691  49.80193   900.000 DAMM
 24.1397  38.06456   800.000 YANB
 21.6632  39.13631   700.000 JEDD
 21.4799  40.56061   600.000 TAIF
 20.2951  41.64303   500.000 ALBA
 18.2373  42.65281   400.000 ABHA
 16.8964  42.58347   300.000 GIZA
 